Microsoft Visual Studio Solution File, Format Version 12.00
# Visual Studio 15
Project("{8BC9CEB8-8B4A-11D0-8D11-00A0C91BC942}") = "ALL_BUILD", "ALL_BUILD.vcxproj", "{35C07724-C223-3724-B302-3615FB10E618}"
	ProjectSection(ProjectDependencies) = postProject
		{F6289F1E-7079-39D7-848B-4076381F9EE4} = {F6289F1E-7079-39D7-848B-4076381F9EE4}
		{B2392AD3-0CF4-374D-B513-F882E81FD4A9} = {B2392AD3-0CF4-374D-B513-F882E81FD4A9}
		{2212A193-527D-34E4-9F63-E35FDF5A54FC} = {2212A193-527D-34E4-9F63-E35FDF5A54FC}
	EndProjectSection
EndProject
Project("{8BC9CEB8-8B4A-11D0-8D11-00A0C91BC942}") = "ALL_IDL_TGT", "src\ALL_IDL_TGT.vcxproj", "{6C066F93-366B-3E6F-B79D-799642F78362}"
	ProjectSection(ProjectDependencies) = postProject
		{2212A193-527D-34E4-9F63-E35FDF5A54FC} = {2212A193-527D-34E4-9F63-E35FDF5A54FC}
	EndProjectSection
EndProject
Project("{8BC9CEB8-8B4A-11D0-8D11-00A0C91BC942}") = "INSTALL", "INSTALL.vcxproj", "{31372815-9C8E-323A-BEB1-21C857B3081C}"
	ProjectSection(ProjectDependencies) = postProject
		{35C07724-C223-3724-B302-3615FB10E618} = {35C07724-C223-3724-B302-3615FB10E618}
		{2212A193-527D-34E4-9F63-E35FDF5A54FC} = {2212A193-527D-34E4-9F63-E35FDF5A54FC}
	EndProjectSection
EndProject
Project("{8BC9CEB8-8B4A-11D0-8D11-00A0C91BC942}") = "NAOPocoMotion", "src\NAOPocoMotion.vcxproj", "{F6289F1E-7079-39D7-848B-4076381F9EE4}"
	ProjectSection(ProjectDependencies) = postProject
		{6C066F93-366B-3E6F-B79D-799642F78362} = {6C066F93-366B-3E6F-B79D-799642F78362}
		{2212A193-527D-34E4-9F63-E35FDF5A54FC} = {2212A193-527D-34E4-9F63-E35FDF5A54FC}
	EndProjectSection
EndProject
Project("{8BC9CEB8-8B4A-11D0-8D11-00A0C91BC942}") = "NAOPocoMotionComp", "src\NAOPocoMotionComp.vcxproj", "{B2392AD3-0CF4-374D-B513-F882E81FD4A9}"
	ProjectSection(ProjectDependencies) = postProject
		{6C066F93-366B-3E6F-B79D-799642F78362} = {6C066F93-366B-3E6F-B79D-799642F78362}
		{2212A193-527D-34E4-9F63-E35FDF5A54FC} = {2212A193-527D-34E4-9F63-E35FDF5A54FC}
	EndProjectSection
EndProject
Project("{8BC9CEB8-8B4A-11D0-8D11-00A0C91BC942}") = "NAOPocoMotion_uninstall", "NAOPocoMotion_uninstall.vcxproj", "{881E6CA0-9E90-3AAB-9AB7-9E7D8F885ED9}"
	ProjectSection(ProjectDependencies) = postProject
		{2212A193-527D-34E4-9F63-E35FDF5A54FC} = {2212A193-527D-34E4-9F63-E35FDF5A54FC}
	EndProjectSection
EndProject
Project("{8BC9CEB8-8B4A-11D0-8D11-00A0C91BC942}") = "PACKAGE", "PACKAGE.vcxproj", "{DE8FCDE8-DAEC-3B66-A127-078983F28D05}"
	ProjectSection(ProjectDependencies) = postProject
		{35C07724-C223-3724-B302-3615FB10E618} = {35C07724-C223-3724-B302-3615FB10E618}
		{2212A193-527D-34E4-9F63-E35FDF5A54FC} = {2212A193-527D-34E4-9F63-E35FDF5A54FC}
	EndProjectSection
EndProject
Project("{8BC9CEB8-8B4A-11D0-8D11-00A0C91BC942}") = "ZERO_CHECK", "ZERO_CHECK.vcxproj", "{2212A193-527D-34E4-9F63-E35FDF5A54FC}"
	ProjectSection(ProjectDependencies) = postProject
	EndProjectSection
EndProject
Global
	GlobalSection(SolutionConfigurationPlatforms) = preSolution
		Debug|Win32 = Debug|Win32
		Release|Win32 = Release|Win32
		MinSizeRel|Win32 = MinSizeRel|Win32
		RelWithDebInfo|Win32 = RelWithDebInfo|Win32
	EndGlobalSection
	GlobalSection(ProjectConfigurationPlatforms) = postSolution
		{35C07724-C223-3724-B302-3615FB10E618}.Debug|Win32.ActiveCfg = Debug|Win32
		{35C07724-C223-3724-B302-3615FB10E618}.Debug|Win32.Build.0 = Debug|Win32
		{35C07724-C223-3724-B302-3615FB10E618}.Release|Win32.ActiveCfg = Release|Win32
		{35C07724-C223-3724-B302-3615FB10E618}.Release|Win32.Build.0 = Release|Win32
		{35C07724-C223-3724-B302-3615FB10E618}.MinSizeRel|Win32.ActiveCfg = MinSizeRel|Win32
		{35C07724-C223-3724-B302-3615FB10E618}.MinSizeRel|Win32.Build.0 = MinSizeRel|Win32
		{35C07724-C223-3724-B302-3615FB10E618}.RelWithDebInfo|Win32.ActiveCfg = RelWithDebInfo|Win32
		{35C07724-C223-3724-B302-3615FB10E618}.RelWithDebInfo|Win32.Build.0 = RelWithDebInfo|Win32
		{6C066F93-366B-3E6F-B79D-799642F78362}.Debug|Win32.ActiveCfg = Debug|Win32
		{6C066F93-366B-3E6F-B79D-799642F78362}.Debug|Win32.Build.0 = Debug|Win32
		{6C066F93-366B-3E6F-B79D-799642F78362}.Release|Win32.ActiveCfg = Release|Win32
		{6C066F93-366B-3E6F-B79D-799642F78362}.Release|Win32.Build.0 = Release|Win32
		{6C066F93-366B-3E6F-B79D-799642F78362}.MinSizeRel|Win32.ActiveCfg = MinSizeRel|Win32
		{6C066F93-366B-3E6F-B79D-799642F78362}.MinSizeRel|Win32.Build.0 = MinSizeRel|Win32
		{6C066F93-366B-3E6F-B79D-799642F78362}.RelWithDebInfo|Win32.ActiveCfg = RelWithDebInfo|Win32
		{6C066F93-366B-3E6F-B79D-799642F78362}.RelWithDebInfo|Win32.Build.0 = RelWithDebInfo|Win32
		{31372815-9C8E-323A-BEB1-21C857B3081C}.Debug|Win32.ActiveCfg = Debug|Win32
		{31372815-9C8E-323A-BEB1-21C857B3081C}.Release|Win32.ActiveCfg = Release|Win32
		{31372815-9C8E-323A-BEB1-21C857B3081C}.MinSizeRel|Win32.ActiveCfg = MinSizeRel|Win32
		{31372815-9C8E-323A-BEB1-21C857B3081C}.RelWithDebInfo|Win32.ActiveCfg = RelWithDebInfo|Win32
		{F6289F1E-7079-39D7-848B-4076381F9EE4}.Debug|Win32.ActiveCfg = Debug|Win32
		{F6289F1E-7079-39D7-848B-4076381F9EE4}.Debug|Win32.Build.0 = Debug|Win32
		{F6289F1E-7079-39D7-848B-4076381F9EE4}.Release|Win32.ActiveCfg = Release|Win32
		{F6289F1E-7079-39D7-848B-4076381F9EE4}.Release|Win32.Build.0 = Release|Win32
		{F6289F1E-7079-39D7-848B-4076381F9EE4}.MinSizeRel|Win32.ActiveCfg = MinSizeRel|Win32
		{F6289F1E-7079-39D7-848B-4076381F9EE4}.MinSizeRel|Win32.Build.0 = MinSizeRel|Win32
		{F6289F1E-7079-39D7-848B-4076381F9EE4}.RelWithDebInfo|Win32.ActiveCfg = RelWithDebInfo|Win32
		{F6289F1E-7079-39D7-848B-4076381F9EE4}.RelWithDebInfo|Win32.Build.0 = RelWithDebInfo|Win32
		{B2392AD3-0CF4-374D-B513-F882E81FD4A9}.Debug|Win32.ActiveCfg = Debug|Win32
		{B2392AD3-0CF4-374D-B513-F882E81FD4A9}.Debug|Win32.Build.0 = Debug|Win32
		{B2392AD3-0CF4-374D-B513-F882E81FD4A9}.Release|Win32.ActiveCfg = Release|Win32
		{B2392AD3-0CF4-374D-B513-F882E81FD4A9}.Release|Win32.Build.0 = Release|Win32
		{B2392AD3-0CF4-374D-B513-F882E81FD4A9}.MinSizeRel|Win32.ActiveCfg = MinSizeRel|Win32
		{B2392AD3-0CF4-374D-B513-F882E81FD4A9}.MinSizeRel|Win32.Build.0 = MinSizeRel|Win32
		{B2392AD3-0CF4-374D-B513-F882E81FD4A9}.RelWithDebInfo|Win32.ActiveCfg = RelWithDebInfo|Win32
		{B2392AD3-0CF4-374D-B513-F882E81FD4A9}.RelWithDebInfo|Win32.Build.0 = RelWithDebInfo|Win32
		{881E6CA0-9E90-3AAB-9AB7-9E7D8F885ED9}.Debug|Win32.ActiveCfg = Debug|Win32
		{881E6CA0-9E90-3AAB-9AB7-9E7D8F885ED9}.Release|Win32.ActiveCfg = Release|Win32
		{881E6CA0-9E90-3AAB-9AB7-9E7D8F885ED9}.MinSizeRel|Win32.ActiveCfg = MinSizeRel|Win32
		{881E6CA0-9E90-3AAB-9AB7-9E7D8F885ED9}.RelWithDebInfo|Win32.ActiveCfg = RelWithDebInfo|Win32
		{DE8FCDE8-DAEC-3B66-A127-078983F28D05}.Debug|Win32.ActiveCfg = Debug|Win32
		{DE8FCDE8-DAEC-3B66-A127-078983F28D05}.Release|Win32.ActiveCfg = Release|Win32
		{DE8FCDE8-DAEC-3B66-A127-078983F28D05}.MinSizeRel|Win32.ActiveCfg = MinSizeRel|Win32
		{DE8FCDE8-DAEC-3B66-A127-078983F28D05}.RelWithDebInfo|Win32.ActiveCfg = RelWithDebInfo|Win32
		{2212A193-527D-34E4-9F63-E35FDF5A54FC}.Debug|Win32.ActiveCfg = Debug|Win32
		{2212A193-527D-34E4-9F63-E35FDF5A54FC}.Debug|Win32.Build.0 = Debug|Win32
		{2212A193-527D-34E4-9F63-E35FDF5A54FC}.Release|Win32.ActiveCfg = Release|Win32
		{2212A193-527D-34E4-9F63-E35FDF5A54FC}.Release|Win32.Build.0 = Release|Win32
		{2212A193-527D-34E4-9F63-E35FDF5A54FC}.MinSizeRel|Win32.ActiveCfg = MinSizeRel|Win32
		{2212A193-527D-34E4-9F63-E35FDF5A54FC}.MinSizeRel|Win32.Build.0 = MinSizeRel|Win32
		{2212A193-527D-34E4-9F63-E35FDF5A54FC}.RelWithDebInfo|Win32.ActiveCfg = RelWithDebInfo|Win32
		{2212A193-527D-34E4-9F63-E35FDF5A54FC}.RelWithDebInfo|Win32.Build.0 = RelWithDebInfo|Win32
	EndGlobalSection
	GlobalSection(ExtensibilityGlobals) = postSolution
		SolutionGuid = {A6C172EF-BA44-3E99-B0D2-5A79125E66D8}
	EndGlobalSection
	GlobalSection(ExtensibilityAddIns) = postSolution
	EndGlobalSection
EndGlobal
